
Microsoft Visual Studio Solution File, Format Version 12.00
# Visual Studio Version 16
VisualStudioVersion = 16.0.31911.196
MinimumVisualStudioVersion = 10.0.40219.1
Project("{FAE04EC0-301F-11D3-BF4B-00C04F79EFBC}") = "HelloWorld2", "HelloWorld2\HelloWorld2.csproj", "{0E446C8B-AD9A-4D5C-A996-221CDF32D296}"
EndProject
Global
	GlobalSection(SolutionConfigurationPlatforms) = preSolution
		Debug|Any CPU = Debug|Any CPU
		Release|Any CPU = Release|Any CPU
	EndGlobalSection
	GlobalSection(ProjectConfigurationPlatforms) = postSolution
		{0E446C8B-AD9A-4D5C-A996-221CDF32D296}.Debug|Any CPU.ActiveCfg = Debug|Any CPU
		{0E446C8B-AD9A-4D5C-A996-221CDF32D296}.Debug|Any CPU.Build.0 = Debug|Any CPU
		{0E446C8B-AD9A-4D5C-A996-221CDF32D296}.Release|Any CPU.ActiveCfg = Release|Any CPU
		{0E446C8B-AD9A-4D5C-A996-221CDF32D296}.Release|Any CPU.Build.0 = Release|Any CPU
	EndGlobalSection
	GlobalSection(SolutionProperties) = preSolution
		HideSolutionNode = FALSE
	EndGlobalSection
	GlobalSection(ExtensibilityGlobals) = postSolution
		SolutionGuid = {3E2B15D1-511D-4887-83B9-08E5F1F5066E}
	EndGlobalSection
EndGlobal
